// !$*UTF8*$!
{
	archiveVersion = 1;
	classes = {
	};
	objectVersion = 46;
	objects = {

/* Begin PBXBuildFile section */
		768F1EC725D0A25A0096EECF /* UICollectionView.swift in Sources */ = {isa = PBXBuildFile; fileRef = 768F1EC525D0A25A0096EECF /* UICollectionView.swift */; };
		768F1EC825D0A25A0096EECF /* UICollectionViewCell.swift in Sources */ = {isa = PBXBuildFile; fileRef = 768F1EC625D0A25A0096EECF /* UICollectionViewCell.swift */; };
		76B76F1525188948002061F6 /* Anchor.swift in Sources */ = {isa = PBXBuildFile; fileRef = 76B76F0D25188948002061F6 /* Anchor.swift */; };
		76B76F1625188948002061F6 /* StackView.swift in Sources */ = {isa = PBXBuildFile; fileRef = 76B76F0E25188948002061F6 /* StackView.swift */; };
		76B76F1725188948002061F6 /* Axis.swift in Sources */ = {isa = PBXBuildFile; fileRef = 76B76F0F25188948002061F6 /* Axis.swift */; };
		76B76F1825188948002061F6 /* Margin.swift in Sources */ = {isa = PBXBuildFile; fileRef = 76B76F1025188948002061F6 /* Margin.swift */; };
		76B76F1925188948002061F6 /* Dimension.swift in Sources */ = {isa = PBXBuildFile; fileRef = 76B76F1125188948002061F6 /* Dimension.swift */; };
		76B76F1A25188948002061F6 /* Typealias.swift in Sources */ = {isa = PBXBuildFile; fileRef = 76B76F1225188948002061F6 /* Typealias.swift */; };
		76B76F1B25188948002061F6 /* View+AutoLayout.swift in Sources */ = {isa = PBXBuildFile; fileRef = 76B76F1325188948002061F6 /* View+AutoLayout.swift */; };
		76B76F1C25188948002061F6 /* LayoutConstraint.swift in Sources */ = {isa = PBXBuildFile; fileRef = 76B76F1425188948002061F6 /* LayoutConstraint.swift */; };
/* End PBXBuildFile section */

/* Begin PBXFileReference section */
		768F1EC525D0A25A0096EECF /* UICollectionView.swift */ = {isa = PBXFileReference; fileEncoding = 4; lastKnownFileType = sourcecode.swift; path = UICollectionView.swift; sourceTree = "<group>"; };
		768F1EC625D0A25A0096EECF /* UICollectionViewCell.swift */ = {isa = PBXFileReference; fileEncoding = 4; lastKnownFileType = sourcecode.swift; path = UICollectionViewCell.swift; sourceTree = "<group>"; };
		76B76F0D25188948002061F6 /* Anchor.swift */ = {isa = PBXFileReference; fileEncoding = 4; lastKnownFileType = sourcecode.swift; path = Anchor.swift; sourceTree = "<group>"; };
		76B76F0E25188948002061F6 /* StackView.swift */ = {isa = PBXFileReference; fileEncoding = 4; lastKnownFileType = sourcecode.swift; path = StackView.swift; sourceTree = "<group>"; };
		76B76F0F25188948002061F6 /* Axis.swift */ = {isa = PBXFileReference; fileEncoding = 4; lastKnownFileType = sourcecode.swift; path = Axis.swift; sourceTree = "<group>"; };
		76B76F1025188948002061F6 /* Margin.swift */ = {isa = PBXFileReference; fileEncoding = 4; lastKnownFileType = sourcecode.swift; path = Margin.swift; sourceTree = "<group>"; };
		76B76F1125188948002061F6 /* Dimension.swift */ = {isa = PBXFileReference; fileEncoding = 4; lastKnownFileType = sourcecode.swift; path = Dimension.swift; sourceTree = "<group>"; };
		76B76F1225188948002061F6 /* Typealias.swift */ = {isa = PBXFileReference; fileEncoding = 4; lastKnownFileType = sourcecode.swift; path = Typealias.swift; sourceTree = "<group>"; };
		76B76F1325188948002061F6 /* View+AutoLayout.swift */ = {isa = PBXFileReference; fileEncoding = 4; lastKnownFileType = sourcecode.swift; path = "View+AutoLayout.swift"; sourceTree = "<group>"; };
		76B76F1425188948002061F6 /* LayoutConstraint.swift */ = {isa = PBXFileReference; fileEncoding = 4; lastKnownFileType = sourcecode.swift; path = LayoutConstraint.swift; sourceTree = "<group>"; };
		OBJ_6 /* Package.swift */ = {isa = PBXFileReference; explicitFileType = sourcecode.swift; path = Package.swift; sourceTree = "<group>"; };
		"QuickConstraint::QuickConstraint::Product" /* QuickConstraint.framework */ = {isa = PBXFileReference; explicitFileType = wrapper.framework; path = QuickConstraint.framework; sourceTree = BUILT_PRODUCTS_DIR; };
/* End PBXFileReference section */

/* Begin PBXFrameworksBuildPhase section */
		OBJ_25 /* Frameworks */ = {
			isa = PBXFrameworksBuildPhase;
			buildActionMask = 0;
			files = (
			);
			runOnlyForDeploymentPostprocessing = 0;
		};
/* End PBXFrameworksBuildPhase section */

/* Begin PBXGroup section */
		768F1EC425D0A25A0096EECF /* CollectionView */ = {
			isa = PBXGroup;
			children = (
				768F1EC525D0A25A0096EECF /* UICollectionView.swift */,
				768F1EC625D0A25A0096EECF /* UICollectionViewCell.swift */,
			);
			path = CollectionView;
			sourceTree = "<group>";
		};
		76B76F0C25188948002061F6 /* QuickConstraint */ = {
			isa = PBXGroup;
			children = (
				768F1EC425D0A25A0096EECF /* CollectionView */,
				76B76F0D25188948002061F6 /* Anchor.swift */,
				76B76F0E25188948002061F6 /* StackView.swift */,
				76B76F0F25188948002061F6 /* Axis.swift */,
				76B76F1025188948002061F6 /* Margin.swift */,
				76B76F1125188948002061F6 /* Dimension.swift */,
				76B76F1225188948002061F6 /* Typealias.swift */,
				76B76F1325188948002061F6 /* View+AutoLayout.swift */,
				76B76F1425188948002061F6 /* LayoutConstraint.swift */,
			);
			path = QuickConstraint;
			sourceTree = "<group>";
		};
		OBJ_12 /* Sources */ = {
			isa = PBXGroup;
			children = (
				76B76F0C25188948002061F6 /* QuickConstraint */,
			);
			path = Sources;
			sourceTree = "<group>";
		};
		OBJ_16 /* Products */ = {
			isa = PBXGroup;
			children = (
				"QuickConstraint::QuickConstraint::Product" /* QuickConstraint.framework */,
			);
			name = Products;
			sourceTree = BUILT_PRODUCTS_DIR;
		};
		OBJ_5 = {
			isa = PBXGroup;
			children = (
				OBJ_6 /* Package.swift */,
				OBJ_12 /* Sources */,
				OBJ_16 /* Products */,
			);
			sourceTree = "<group>";
		};
/* End PBXGroup section */

/* Begin PBXNativeTarget section */
		"QuickConstraint::QuickConstraint" /* QuickConstraint */ = {
			isa = PBXNativeTarget;
			buildConfigurationList = OBJ_19 /* Build configuration list for PBXNativeTarget "QuickConstraint" */;
			buildPhases = (
				OBJ_22 /* Sources */,
				OBJ_25 /* Frameworks */,
			);
			buildRules = (
			);
			dependencies = (
			);
			name = QuickConstraint;
			productName = QuickConstraint;
			productReference = "QuickConstraint::QuickConstraint::Product" /* QuickConstraint.framework */;
			productType = "com.apple.product-type.framework";
		};
/* End PBXNativeTarget section */

/* Begin PBXProject section */
		OBJ_1 /* Project object */ = {
			isa = PBXProject;
			attributes = {
				LastSwiftMigration = 9999;
				LastUpgradeCheck = 9999;
				TargetAttributes = {
					"QuickConstraint::QuickConstraint" = {
						LastSwiftMigration = 1140;
						ProvisioningStyle = Manual;
					};
				};
			};
			buildConfigurationList = OBJ_2 /* Build configuration list for PBXProject "QuickConstraint" */;
			compatibilityVersion = "Xcode 3.2";
			developmentRegion = en;
			hasScannedForEncodings = 0;
			knownRegions = (
				en,
			);
			mainGroup = OBJ_5;
			productRefGroup = OBJ_16 /* Products */;
			projectDirPath = "";
			projectRoot = "";
			targets = (
				"QuickConstraint::QuickConstraint" /* QuickConstraint */,
			);
		};
/* End PBXProject section */

/* Begin PBXSourcesBuildPhase section */
		OBJ_22 /* Sources */ = {
			isa = PBXSourcesBuildPhase;
			buildActionMask = 0;
			files = (
				76B76F1525188948002061F6 /* Anchor.swift in Sources */,
				76B76F1825188948002061F6 /* Margin.swift in Sources */,
				768F1EC825D0A25A0096EECF /* UICollectionViewCell.swift in Sources */,
				76B76F1725188948002061F6 /* Axis.swift in Sources */,
				768F1EC725D0A25A0096EECF /* UICollectionView.swift in Sources */,
				76B76F1B25188948002061F6 /* View+AutoLayout.swift in Sources */,
				76B76F1C25188948002061F6 /* LayoutConstraint.swift in Sources */,
				76B76F1925188948002061F6 /* Dimension.swift in Sources */,
				76B76F1A25188948002061F6 /* Typealias.swift in Sources */,
				76B76F1625188948002061F6 /* StackView.swift in Sources */,
			);
			runOnlyForDeploymentPostprocessing = 0;
		};
/* End PBXSourcesBuildPhase section */

/* Begin XCBuildConfiguration section */
		OBJ_20 /* Debug */ = {
			isa = XCBuildConfiguration;
			buildSettings = {
				CLANG_ENABLE_MODULES = YES;
				CODE_SIGN_STYLE = Manual;
				DEFINES_MODULE = YES;
				DEVELOPMENT_TEAM = "";
				ENABLE_TESTABILITY = YES;
				FRAMEWORK_SEARCH_PATHS = (
					"$(inherited)",
					"$(PLATFORM_DIR)/Developer/Library/Frameworks",
				);
				HEADER_SEARCH_PATHS = "$(inherited)";
				INFOPLIST_FILE = QuickConstraint.xcodeproj/QuickConstraint_Info.plist;
				LD_RUNPATH_SEARCH_PATHS = "$(inherited) $(TOOLCHAIN_DIR)/usr/lib/swift/macosx";
				MARKETING_VERSION = 0.4.2;
				OTHER_CFLAGS = "$(inherited)";
				OTHER_LDFLAGS = "$(inherited)";
				OTHER_SWIFT_FLAGS = "$(inherited)";
				PRODUCT_BUNDLE_IDENTIFIER = QuickConstraint;
				PRODUCT_MODULE_NAME = "$(TARGET_NAME:c99extidentifier)";
				PRODUCT_NAME = "$(TARGET_NAME:c99extidentifier)";
				PROVISIONING_PROFILE_SPECIFIER = "";
				SKIP_INSTALL = YES;
				SUPPORTS_MACCATALYST = YES;
				SWIFT_ACTIVE_COMPILATION_CONDITIONS = "$(inherited)";
				SWIFT_OPTIMIZATION_LEVEL = "-Onone";
				SWIFT_VERSION = 5.0;
				TARGETED_DEVICE_FAMILY = "1,2,3";
				TARGET_NAME = QuickConstraint;
			};
			name = Debug;
		};
		OBJ_21 /* Release */ = {
			isa = XCBuildConfiguration;
			buildSettings = {
				CLANG_ENABLE_MODULES = YES;
				CODE_SIGN_STYLE = Manual;
				DEFINES_MODULE = YES;
				DEVELOPMENT_TEAM = "";
				ENABLE_TESTABILITY = YES;
				FRAMEWORK_SEARCH_PATHS = (
					"$(inherited)",
					"$(PLATFORM_DIR)/Developer/Library/Frameworks",
				);
				HEADER_SEARCH_PATHS = "$(inherited)";
				INFOPLIST_FILE = QuickConstraint.xcodeproj/QuickConstraint_Info.plist;
				LD_RUNPATH_SEARCH_PATHS = "$(inherited) $(TOOLCHAIN_DIR)/usr/lib/swift/macosx";
				MARKETING_VERSION = 0.4.2;
				OTHER_CFLAGS = "$(inherited)";
				OTHER_LDFLAGS = "$(inherited)";
				OTHER_SWIFT_FLAGS = "$(inherited)";
				PRODUCT_BUNDLE_IDENTIFIER = QuickConstraint;
				PRODUCT_MODULE_NAME = "$(TARGET_NAME:c99extidentifier)";
				PRODUCT_NAME = "$(TARGET_NAME:c99extidentifier)";
				PROVISIONING_PROFILE_SPECIFIER = "";
				SKIP_INSTALL = YES;
				SUPPORTS_MACCATALYST = YES;
				SWIFT_ACTIVE_COMPILATION_CONDITIONS = "$(inherited)";
				SWIFT_VERSION = 5.0;
				TARGETED_DEVICE_FAMILY = "1,2,3";
				TARGET_NAME = QuickConstraint;
			};
			name = Release;
		};
		OBJ_3 /* Debug */ = {
			isa = XCBuildConfiguration;
			buildSettings = {
				CLANG_ENABLE_OBJC_ARC = YES;
				COMBINE_HIDPI_IMAGES = YES;
				COPY_PHASE_STRIP = NO;
				DEBUG_INFORMATION_FORMAT = dwarf;
				DYLIB_INSTALL_NAME_BASE = "@rpath";
				ENABLE_NS_ASSERTIONS = YES;
				GCC_OPTIMIZATION_LEVEL = 0;
				GCC_PREPROCESSOR_DEFINITIONS = (
					"$(inherited)",
					"SWIFT_PACKAGE=1",
					"DEBUG=1",
				);
				IPHONEOS_DEPLOYMENT_TARGET = 9.0;
				MACOSX_DEPLOYMENT_TARGET = 10.14;
				ONLY_ACTIVE_ARCH = YES;
				OTHER_SWIFT_FLAGS = "$(inherited) -DXcode";
				PRODUCT_NAME = "$(TARGET_NAME)";
				SDKROOT = iphoneos;
				SUPPORTED_PLATFORMS = "iphonesimulator iphoneos appletvsimulator appletvos macosx";
				SWIFT_ACTIVE_COMPILATION_CONDITIONS = "$(inherited) SWIFT_PACKAGE DEBUG";
				SWIFT_OPTIMIZATION_LEVEL = "-Onone";
				TARGETED_DEVICE_FAMILY = "1,2,3";
				TVOS_DEPLOYMENT_TARGET = 9.0;
				USE_HEADERMAP = NO;
			};
			name = Debug;
		};
		OBJ_4 /* Release */ = {
			isa = XCBuildConfiguration;
			buildSettings = {
				CLANG_ENABLE_OBJC_ARC = YES;
				COMBINE_HIDPI_IMAGES = YES;
				COPY_PHASE_STRIP = YES;
				DEBUG_INFORMATION_FORMAT = "dwarf-with-dsym";
				DYLIB_INSTALL_NAME_BASE = "@rpath";
				GCC_OPTIMIZATION_LEVEL = s;
				GCC_PREPROCESSOR_DEFINITIONS = (
					"$(inherited)",
					"SWIFT_PACKAGE=1",
				);
				IPHONEOS_DEPLOYMENT_TARGET = 9.0;
				MACOSX_DEPLOYMENT_TARGET = 10.14;
				OTHER_SWIFT_FLAGS = "$(inherited) -DXcode";
				PRODUCT_NAME = "$(TARGET_NAME)";
				SDKROOT = iphoneos;
				SUPPORTED_PLATFORMS = "iphonesimulator iphoneos appletvsimulator appletvos macosx";
				SWIFT_ACTIVE_COMPILATION_CONDITIONS = "$(inherited) SWIFT_PACKAGE";
				SWIFT_OPTIMIZATION_LEVEL = "-Owholemodule";
				TARGETED_DEVICE_FAMILY = "1,2,3";
				TVOS_DEPLOYMENT_TARGET = 9.0;
				USE_HEADERMAP = NO;
			};
			name = Release;
		};
/* End XCBuildConfiguration section */

/* Begin XCConfigurationList section */
		OBJ_19 /* Build configuration list for PBXNativeTarget "QuickConstraint" */ = {
			isa = XCConfigurationList;
			buildConfigurations = (
				OBJ_20 /* Debug */,
				OBJ_21 /* Release */,
			);
			defaultConfigurationIsVisible = 0;
			defaultConfigurationName = Release;
		};
		OBJ_2 /* Build configuration list for PBXProject "QuickConstraint" */ = {
			isa = XCConfigurationList;
			buildConfigurations = (
				OBJ_3 /* Debug */,
				OBJ_4 /* Release */,
			);
			defaultConfigurationIsVisible = 0;
			defaultConfigurationName = Release;
		};
/* End XCConfigurationList section */
	};
	rootObject = OBJ_1 /* Project object */;
}
